PODS:
  - config-reader-ios (0.1.0)

DEPENDENCIES:
  - config-reader-ios (from `../`)

EXTERNAL SOURCES:
  config-reader-ios:
    :path: "../"

SPEC CHECKSUMS:
  config-reader-ios: abe9ba41d9fbd322b5d9ec45c3469ee272ea2fd8

PODFILE CHECKSUM: 05ddbb326778c529d2589a039c201215182c0d2d

COCOAPODS: 1.1.1
